
Microsoft Visual Studio Solution File, Format Version 12.00
# Visual Studio Version 17
VisualStudioVersion = 17.14.36127.28 d17.14
MinimumVisualStudioVersion = 10.0.40219.1
Project("{FAE04EC0-301F-11D3-BF4B-00C04F79EFBC}") = "Ulacit-parking", "Ulacit-parking\Ulacit-parking.csproj", "{B981E960-302F-4EE0-A03D-58326207FB95}"
EndProject
Global
	GlobalSection(SolutionConfigurationPlatforms) = preSolution
		Debug|Any CPU = Debug|Any CPU
		Release|Any CPU = Release|Any CPU
	EndGlobalSection
	GlobalSection(ProjectConfigurationPlatforms) = postSolution
		{B981E960-302F-4EE0-A03D-58326207FB95}.Debug|Any CPU.ActiveCfg = Debug|Any CPU
		{B981E960-302F-4EE0-A03D-58326207FB95}.Debug|Any CPU.Build.0 = Debug|Any CPU
		{B981E960-302F-4EE0-A03D-58326207FB95}.Release|Any CPU.ActiveCfg = Release|Any CPU
		{B981E960-302F-4EE0-A03D-58326207FB95}.Release|Any CPU.Build.0 = Release|Any CPU
	EndGlobalSection
	GlobalSection(SolutionProperties) = preSolution
		HideSolutionNode = FALSE
	EndGlobalSection
	GlobalSection(ExtensibilityGlobals) = postSolution
		SolutionGuid = {4106958B-B7F8-4BE6-90DD-4AE52BDE570F}
	EndGlobalSection
EndGlobal
